
Microsoft Visual Studio Solution File, Format Version 12.00
# Visual Studio 15
VisualStudioVersion = 15.0.26403.3
MinimumVisualStudioVersion = 10.0.40219.1
Project("{FAE04EC0-301F-11D3-BF4B-00C04F79EFBC}") = "Euler_002", "Euler_002\Euler_002.csproj", "{FACA9565-1BA3-4264-BB1E-6259D962CA81}"
EndProject
Global
	GlobalSection(SolutionConfigurationPlatforms) = preSolution
		Debug|Any CPU = Debug|Any CPU
		Release|Any CPU = Release|Any CPU
	EndGlobalSection
	GlobalSection(ProjectConfigurationPlatforms) = postSolution
		{FACA9565-1BA3-4264-BB1E-6259D962CA81}.Debug|Any CPU.ActiveCfg = Debug|Any CPU
		{FACA9565-1BA3-4264-BB1E-6259D962CA81}.Debug|Any CPU.Build.0 = Debug|Any CPU
		{FACA9565-1BA3-4264-BB1E-6259D962CA81}.Release|Any CPU.ActiveCfg = Release|Any CPU
		{FACA9565-1BA3-4264-BB1E-6259D962CA81}.Release|Any CPU.Build.0 = Release|Any CPU
	EndGlobalSection
	GlobalSection(SolutionProperties) = preSolution
		HideSolutionNode = FALSE
	EndGlobalSection
EndGlobal
